// !$*UTF8*$!
{
	archiveVersion = 1;
	classes = {
	};
	objectVersion = 46;
	objects = {

/* Begin PBXBuildFile section */
		16B2A0D61D8304B4004A8838 /* SettingsModel.m in Sources */ = {isa = PBXBuildFile; fileRef = 16B2A0D51D8304B4004A8838 /* SettingsModel.m */; };
		16B2A0D91D8314D9004A8838 /* Photo.m in Sources */ = {isa = PBXBuildFile; fileRef = 16B2A0D81D8314D9004A8838 /* Photo.m */; };
		16E0F5101D779C80009DC31B /* main.m in Sources */ = {isa = PBXBuildFile; fileRef = 16E0F50F1D779C80009DC31B /* main.m */; };
		16E0F5131D779C80009DC31B /* AppDelegate.m in Sources */ = {isa = PBXBuildFile; fileRef = 16E0F5121D779C80009DC31B /* AppDelegate.m */; };
		16E0F5161D779C80009DC31B /* ViewController.m in Sources */ = {isa = PBXBuildFile; fileRef = 16E0F5151D779C80009DC31B /* ViewController.m */; };
		16E0F5191D779C80009DC31B /* Main.storyboard in Resources */ = {isa = PBXBuildFile; fileRef = 16E0F5171D779C80009DC31B /* Main.storyboard */; };
		16E0F51B1D779C80009DC31B /* Assets.xcassets in Resources */ = {isa = PBXBuildFile; fileRef = 16E0F51A1D779C80009DC31B /* Assets.xcassets */; };
		16E0F51E1D779C80009DC31B /* LaunchScreen.storyboard in Resources */ = {isa = PBXBuildFile; fileRef = 16E0F51C1D779C80009DC31B /* LaunchScreen.storyboard */; };
		16E0F5291D779C80009DC31B /* ReddericLarsonTests.m in Sources */ = {isa = PBXBuildFile; fileRef = 16E0F5281D779C80009DC31B /* ReddericLarsonTests.m */; };
		16E0F5341D779C80009DC31B /* ReddericLarsonUITests.m in Sources */ = {isa = PBXBuildFile; fileRef = 16E0F5331D779C80009DC31B /* ReddericLarsonUITests.m */; };
		5A687B26F6BB93A97D6954F2 /* libPods-ReddericLarsonUITests.a in Frameworks */ = {isa = PBXBuildFile; fileRef = D5C8C8E46CB43FC6D854829D /* libPods-ReddericLarsonUITests.a */; };
		AA1658D9F8BC619250A2AE58 /* libPods-ReddericLarsonTests.a in Frameworks */ = {isa = PBXBuildFile; fileRef = 6ECB97121934CB85E3D85647 /* libPods-ReddericLarsonTests.a */; };
		B43163351D831EA9008E0B78 /* ImageScrollViewController.m in Sources */ = {isa = PBXBuildFile; fileRef = B43163341D831EA9008E0B78 /* ImageScrollViewController.m */; };
		BA72F88C1D80CE3900C1D8CE /* ImageModel.m in Sources */ = {isa = PBXBuildFile; fileRef = BA72F88B1D80CE3900C1D8CE /* ImageModel.m */; };
		BA72F88F1D80CEB000C1D8CE /* SettingsTableViewController.m in Sources */ = {isa = PBXBuildFile; fileRef = BA72F88E1D80CEB000C1D8CE /* SettingsTableViewController.m */; };
		BAF98E391D809C9B00B7836F /* CategoriesTableViewController.m in Sources */ = {isa = PBXBuildFile; fileRef = BAF98E381D809C9B00B7836F /* CategoriesTableViewController.m */; };
		BAF98E3C1D809CDA00B7836F /* CategoryTableViewCell.m in Sources */ = {isa = PBXBuildFile; fileRef = BAF98E3B1D809CDA00B7836F /* CategoryTableViewCell.m */; };
		BAF98E3F1D80A0F300B7836F /* CategoryCollectionViewController.m in Sources */ = {isa = PBXBuildFile; fileRef = BAF98E3E1D80A0F300B7836F /* CategoryCollectionViewController.m */; };
		BAF98E421D80A13100B7836F /* CategoryCollectionViewCell.m in Sources */ = {isa = PBXBuildFile; fileRef = BAF98E411D80A13100B7836F /* CategoryCollectionViewCell.m */; };
		D22573D97AFA9CBA67FD6350 /* libPods-ReddericLarson.a in Frameworks */ = {isa = PBXBuildFile; fileRef = ACCE825EBDD558D7550258A1 /* libPods-ReddericLarson.a */; };
/* End PBXBuildFile section */

/* Begin PBXContainerItemProxy section */
		16E0F5251D779C80009DC31B /* PBXContainerItemProxy */ = {
			isa = PBXContainerItemProxy;
			containerPortal = 16E0F5031D779C7F009DC31B /* Project object */;
			proxyType = 1;
			remoteGlobalIDString = 16E0F50A1D779C7F009DC31B;
			remoteInfo = ReddericLarson;
		};
		16E0F5301D779C80009DC31B /* PBXContainerItemProxy */ = {
			isa = PBXContainerItemProxy;
			containerPortal = 16E0F5031D779C7F009DC31B /* Project object */;
			proxyType = 1;
			remoteGlobalIDString = 16E0F50A1D779C7F009DC31B;
			remoteInfo = ReddericLarson;
		};
/* End PBXContainerItemProxy section */

/* Begin PBXFileReference section */
		16B2A0D41D8304B4004A8838 /* SettingsModel.h */ = {isa = PBXFileReference; fileEncoding = 4; lastKnownFileType = sourcecode.c.h; path = SettingsModel.h; sourceTree = "<group>"; };
		16B2A0D51D8304B4004A8838 /* SettingsModel.m */ = {isa = PBXFileReference; fileEncoding = 4; lastKnownFileType = sourcecode.c.objc; path = SettingsModel.m; sourceTree = "<group>"; };
		16B2A0D71D8314D9004A8838 /* Photo.h */ = {isa = PBXFileReference; fileEncoding = 4; lastKnownFileType = sourcecode.c.h; path = Photo.h; sourceTree = "<group>"; };
		16B2A0D81D8314D9004A8838 /* Photo.m */ = {isa = PBXFileReference; fileEncoding = 4; lastKnownFileType = sourcecode.c.objc; path = Photo.m; sourceTree = "<group>"; };
		16E0F50B1D779C7F009DC31B /* ReddericLarson.app */ = {isa = PBXFileReference; explicitFileType = wrapper.application; includeInIndex = 0; path = ReddericLarson.app; sourceTree = BUILT_PRODUCTS_DIR; };
		16E0F50F1D779C80009DC31B /* main.m */ = {isa = PBXFileReference; lastKnownFileType = sourcecode.c.objc; path = main.m; sourceTree = "<group>"; };
		16E0F5111D779C80009DC31B /* AppDelegate.h */ = {isa = PBXFileReference; lastKnownFileType = sourcecode.c.h; path = AppDelegate.h; sourceTree = "<group>"; };
		16E0F5121D779C80009DC31B /* AppDelegate.m */ = {isa = PBXFileReference; lastKnownFileType = sourcecode.c.objc; path = AppDelegate.m; sourceTree = "<group>"; };
		16E0F5141D779C80009DC31B /* ViewController.h */ = {isa = PBXFileReference; lastKnownFileType = sourcecode.c.h; path = ViewController.h; sourceTree = "<group>"; };
		16E0F5151D779C80009DC31B /* ViewController.m */ = {isa = PBXFileReference; lastKnownFileType = sourcecode.c.objc; path = ViewController.m; sourceTree = "<group>"; };
		16E0F5181D779C80009DC31B /* Base */ = {isa = PBXFileReference; lastKnownFileType = file.storyboard; name = Base; path = Base.lproj/Main.storyboard; sourceTree = "<group>"; };
		16E0F51A1D779C80009DC31B /* Assets.xcassets */ = {isa = PBXFileReference; lastKnownFileType = folder.assetcatalog; path = Assets.xcassets; sourceTree = "<group>"; };
		16E0F51D1D779C80009DC31B /* Base */ = {isa = PBXFileReference; lastKnownFileType = file.storyboard; name = Base; path = Base.lproj/LaunchScreen.storyboard; sourceTree = "<group>"; };
		16E0F51F1D779C80009DC31B /* Info.plist */ = {isa = PBXFileReference; lastKnownFileType = text.plist.xml; path = Info.plist; sourceTree = "<group>"; };
		16E0F5241D779C80009DC31B /* ReddericLarsonTests.xctest */ = {isa = PBXFileReference; explicitFileType = wrapper.cfbundle; includeInIndex = 0; path = ReddericLarsonTests.xctest; sourceTree = BUILT_PRODUCTS_DIR; };
		16E0F5281D779C80009DC31B /* ReddericLarsonTests.m */ = {isa = PBXFileReference; lastKnownFileType = sourcecode.c.objc; path = ReddericLarsonTests.m; sourceTree = "<group>"; };
		16E0F52A1D779C80009DC31B /* Info.plist */ = {isa = PBXFileReference; lastKnownFileType = text.plist.xml; path = Info.plist; sourceTree = "<group>"; };
		16E0F52F1D779C80009DC31B /* ReddericLarsonUITests.xctest */ = {isa = PBXFileReference; explicitFileType = wrapper.cfbundle; includeInIndex = 0; path = ReddericLarsonUITests.xctest; sourceTree = BUILT_PRODUCTS_DIR; };
		16E0F5331D779C80009DC31B /* ReddericLarsonUITests.m */ = {isa = PBXFileReference; lastKnownFileType = sourcecode.c.objc; path = ReddericLarsonUITests.m; sourceTree = "<group>"; };
		16E0F5351D779C80009DC31B /* Info.plist */ = {isa = PBXFileReference; lastKnownFileType = text.plist.xml; path = Info.plist; sourceTree = "<group>"; };
		66CCE37C8993390E7C19E829 /* Pods-ReddericLarsonTests.release.xcconfig */ = {isa = PBXFileReference; includeInIndex = 1; lastKnownFileType = text.xcconfig; name = "Pods-ReddericLarsonTests.release.xcconfig"; path = "Pods/Target Support Files/Pods-ReddericLarsonTests/Pods-ReddericLarsonTests.release.xcconfig"; sourceTree = "<group>"; };
		6ECB97121934CB85E3D85647 /* libPods-ReddericLarsonTests.a */ = {isa = PBXFileReference; explicitFileType = archive.ar; includeInIndex = 0; path = "libPods-ReddericLarsonTests.a"; sourceTree = BUILT_PRODUCTS_DIR; };
		843D0FB241C04A3476364744 /* Pods-ReddericLarson.debug.xcconfig */ = {isa = PBXFileReference; includeInIndex = 1; lastKnownFileType = text.xcconfig; name = "Pods-ReddericLarson.debug.xcconfig"; path = "Pods/Target Support Files/Pods-ReddericLarson/Pods-ReddericLarson.debug.xcconfig"; sourceTree = "<group>"; };
		848C0C520DF4BEE2B9A36C2C /* Pods-ReddericLarson.release.xcconfig */ = {isa = PBXFileReference; includeInIndex = 1; lastKnownFileType = text.xcconfig; name = "Pods-ReddericLarson.release.xcconfig"; path = "Pods/Target Support Files/Pods-ReddericLarson/Pods-ReddericLarson.release.xcconfig"; sourceTree = "<group>"; };
		89416FAB04392D36CAAB4520 /* Pods-ReddericLarsonUITests.debug.xcconfig */ = {isa = PBXFileReference; includeInIndex = 1; lastKnownFileType = text.xcconfig; name = "Pods-ReddericLarsonUITests.debug.xcconfig"; path = "Pods/Target Support Files/Pods-ReddericLarsonUITests/Pods-ReddericLarsonUITests.debug.xcconfig"; sourceTree = "<group>"; };
		ACCE825EBDD558D7550258A1 /* libPods-ReddericLarson.a */ = {isa = PBXFileReference; explicitFileType = archive.ar; includeInIndex = 0; path = "libPods-ReddericLarson.a"; sourceTree = BUILT_PRODUCTS_DIR; };
		B43163331D831EA9008E0B78 /* ImageScrollViewController.h */ = {isa = PBXFileReference; fileEncoding = 4; lastKnownFileType = sourcecode.c.h; path = ImageScrollViewController.h; sourceTree = "<group>"; };
		B43163341D831EA9008E0B78 /* ImageScrollViewController.m */ = {isa = PBXFileReference; fileEncoding = 4; lastKnownFileType = sourcecode.c.objc; path = ImageScrollViewController.m; sourceTree = "<group>"; };
		BA72F88A1D80CE3900C1D8CE /* ImageModel.h */ = {isa = PBXFileReference; fileEncoding = 4; lastKnownFileType = sourcecode.c.h; path = ImageModel.h; sourceTree = "<group>"; };
		BA72F88B1D80CE3900C1D8CE /* ImageModel.m */ = {isa = PBXFileReference; fileEncoding = 4; lastKnownFileType = sourcecode.c.objc; path = ImageModel.m; sourceTree = "<group>"; };
		BA72F88D1D80CEB000C1D8CE /* SettingsTableViewController.h */ = {isa = PBXFileReference; fileEncoding = 4; lastKnownFileType = sourcecode.c.h; path = SettingsTableViewController.h; sourceTree = "<group>"; };
		BA72F88E1D80CEB000C1D8CE /* SettingsTableViewController.m */ = {isa = PBXFileReference; fileEncoding = 4; lastKnownFileType = sourcecode.c.objc; path = SettingsTableViewController.m; sourceTree = "<group>"; };
		BAE4A1500ADD96DDCAB2ECB4 /* Pods-ReddericLarsonTests.debug.xcconfig */ = {isa = PBXFileReference; includeInIndex = 1; lastKnownFileType = text.xcconfig; name = "Pods-ReddericLarsonTests.debug.xcconfig"; path = "Pods/Target Support Files/Pods-ReddericLarsonTests/Pods-ReddericLarsonTests.debug.xcconfig"; sourceTree = "<group>"; };
		BAF98E371D809C9B00B7836F /* CategoriesTableViewController.h */ = {isa = PBXFileReference; fileEncoding = 4; lastKnownFileType = sourcecode.c.h; path = CategoriesTableViewController.h; sourceTree = "<group>"; };
		BAF98E381D809C9B00B7836F /* CategoriesTableViewController.m */ = {isa = PBXFileReference; fileEncoding = 4; lastKnownFileType = sourcecode.c.objc; path = CategoriesTableViewController.m; sourceTree = "<group>"; };
		BAF98E3A1D809CDA00B7836F /* CategoryTableViewCell.h */ = {isa = PBXFileReference; fileEncoding = 4; lastKnownFileType = sourcecode.c.h; path = CategoryTableViewCell.h; sourceTree = "<group>"; };
		BAF98E3B1D809CDA00B7836F /* CategoryTableViewCell.m */ = {isa = PBXFileReference; fileEncoding = 4; lastKnownFileType = sourcecode.c.objc; path = CategoryTableViewCell.m; sourceTree = "<group>"; };
		BAF98E3D1D80A0F300B7836F /* CategoryCollectionViewController.h */ = {isa = PBXFileReference; fileEncoding = 4; lastKnownFileType = sourcecode.c.h; path = CategoryCollectionViewController.h; sourceTree = "<group>"; };
		BAF98E3E1D80A0F300B7836F /* CategoryCollectionViewController.m */ = {isa = PBXFileReference; fileEncoding = 4; lastKnownFileType = sourcecode.c.objc; path = CategoryCollectionViewController.m; sourceTree = "<group>"; };
		BAF98E401D80A13100B7836F /* CategoryCollectionViewCell.h */ = {isa = PBXFileReference; fileEncoding = 4; lastKnownFileType = sourcecode.c.h; path = CategoryCollectionViewCell.h; sourceTree = "<group>"; };
		BAF98E411D80A13100B7836F /* CategoryCollectionViewCell.m */ = {isa = PBXFileReference; fileEncoding = 4; lastKnownFileType = sourcecode.c.objc; path = CategoryCollectionViewCell.m; sourceTree = "<group>"; };
		D5C8C8E46CB43FC6D854829D /* libPods-ReddericLarsonUITests.a */ = {isa = PBXFileReference; explicitFileType = archive.ar; includeInIndex = 0; path = "libPods-ReddericLarsonUITests.a"; sourceTree = BUILT_PRODUCTS_DIR; };
		D96C619838825768892284BA /* Pods-ReddericLarsonUITests.release.xcconfig */ = {isa = PBXFileReference; includeInIndex = 1; lastKnownFileType = text.xcconfig; name = "Pods-ReddericLarsonUITests.release.xcconfig"; path = "Pods/Target Support Files/Pods-ReddericLarsonUITests/Pods-ReddericLarsonUITests.release.xcconfig"; sourceTree = "<group>"; };
/* End PBXFileReference section */

/* Begin PBXFrameworksBuildPhase section */
		16E0F5081D779C7F009DC31B /* Frameworks */ = {
			isa = PBXFrameworksBuildPhase;
			buildActionMask = 2147483647;
			files = (
				D22573D97AFA9CBA67FD6350 /* libPods-ReddericLarson.a in Frameworks */,
			);
			runOnlyForDeploymentPostprocessing = 0;
		};
		16E0F5211D779C80009DC31B /* Frameworks */ = {
			isa = PBXFrameworksBuildPhase;
			buildActionMask = 2147483647;
			files = (
				AA1658D9F8BC619250A2AE58 /* libPods-ReddericLarsonTests.a in Frameworks */,
			);
			runOnlyForDeploymentPostprocessing = 0;
		};
		16E0F52C1D779C80009DC31B /* Frameworks */ = {
			isa = PBXFrameworksBuildPhase;
			buildActionMask = 2147483647;
			files = (
				5A687B26F6BB93A97D6954F2 /* libPods-ReddericLarsonUITests.a in Frameworks */,
			);
			runOnlyForDeploymentPostprocessing = 0;
		};
/* End PBXFrameworksBuildPhase section */

/* Begin PBXGroup section */
		16E0F5021D779C7F009DC31B = {
			isa = PBXGroup;
			children = (
				16E0F50D1D779C80009DC31B /* ReddericLarson */,
				16E0F5271D779C80009DC31B /* ReddericLarsonTests */,
				16E0F5321D779C80009DC31B /* ReddericLarsonUITests */,
				16E0F50C1D779C7F009DC31B /* Products */,
				8E4E8C5FED6BF692B21DCA30 /* Pods */,
				F694AEAAD1D5FD2A8615A93C /* Frameworks */,
			);
			sourceTree = "<group>";
		};
		16E0F50C1D779C7F009DC31B /* Products */ = {
			isa = PBXGroup;
			children = (
				16E0F50B1D779C7F009DC31B /* ReddericLarson.app */,
				16E0F5241D779C80009DC31B /* ReddericLarsonTests.xctest */,
				16E0F52F1D779C80009DC31B /* ReddericLarsonUITests.xctest */,
			);
			name = Products;
			sourceTree = "<group>";
		};
		16E0F50D1D779C80009DC31B /* ReddericLarson */ = {
			isa = PBXGroup;
			children = (
				B43163331D831EA9008E0B78 /* ImageScrollViewController.h */,
				B43163341D831EA9008E0B78 /* ImageScrollViewController.m */,
				16E0F5111D779C80009DC31B /* AppDelegate.h */,
				16E0F5121D779C80009DC31B /* AppDelegate.m */,
				16E0F5141D779C80009DC31B /* ViewController.h */,
				16E0F5151D779C80009DC31B /* ViewController.m */,
				BA72F88A1D80CE3900C1D8CE /* ImageModel.h */,
				BA72F88B1D80CE3900C1D8CE /* ImageModel.m */,
				16E0F5171D779C80009DC31B /* Main.storyboard */,
				BA72F88D1D80CEB000C1D8CE /* SettingsTableViewController.h */,
				BA72F88E1D80CEB000C1D8CE /* SettingsTableViewController.m */,
				16B2A0D41D8304B4004A8838 /* SettingsModel.h */,
				16B2A0D51D8304B4004A8838 /* SettingsModel.m */,
				BAF98E401D80A13100B7836F /* CategoryCollectionViewCell.h */,
				BAF98E411D80A13100B7836F /* CategoryCollectionViewCell.m */,
				BAF98E3D1D80A0F300B7836F /* CategoryCollectionViewController.h */,
				BAF98E3E1D80A0F300B7836F /* CategoryCollectionViewController.m */,
				16B2A0D71D8314D9004A8838 /* Photo.h */,
				16B2A0D81D8314D9004A8838 /* Photo.m */,
				BAF98E3A1D809CDA00B7836F /* CategoryTableViewCell.h */,
				BAF98E3B1D809CDA00B7836F /* CategoryTableViewCell.m */,
				BAF98E371D809C9B00B7836F /* CategoriesTableViewController.h */,
				BAF98E381D809C9B00B7836F /* CategoriesTableViewController.m */,
				16E0F51A1D779C80009DC31B /* Assets.xcassets */,
				16E0F51C1D779C80009DC31B /* LaunchScreen.storyboard */,
				16E0F51F1D779C80009DC31B /* Info.plist */,
				16E0F50E1D779C80009DC31B /* Supporting Files */,
			);
			path = ReddericLarson;
			sourceTree = "<group>";
		};
		16E0F50E1D779C80009DC31B /* Supporting Files */ = {
			isa = PBXGroup;
			children = (
				16E0F50F1D779C80009DC31B /* main.m */,
			);
			name = "Supporting Files";
			sourceTree = "<group>";
		};
		16E0F5271D779C80009DC31B /* ReddericLarsonTests */ = {
			isa = PBXGroup;
			children = (
				16E0F5281D779C80009DC31B /* ReddericLarsonTests.m */,
				16E0F52A1D779C80009DC31B /* Info.plist */,
			);
			path = ReddericLarsonTests;
			sourceTree = "<group>";
		};
		16E0F5321D779C80009DC31B /* ReddericLarsonUITests */ = {
			isa = PBXGroup;
			children = (
				16E0F5331D779C80009DC31B /* ReddericLarsonUITests.m */,
				16E0F5351D779C80009DC31B /* Info.plist */,
			);
			path = ReddericLarsonUITests;
			sourceTree = "<group>";
		};
		8E4E8C5FED6BF692B21DCA30 /* Pods */ = {
			isa = PBXGroup;
			children = (
				843D0FB241C04A3476364744 /* Pods-ReddericLarson.debug.xcconfig */,
				848C0C520DF4BEE2B9A36C2C /* Pods-ReddericLarson.release.xcconfig */,
				BAE4A1500ADD96DDCAB2ECB4 /* Pods-ReddericLarsonTests.debug.xcconfig */,
				66CCE37C8993390E7C19E829 /* Pods-ReddericLarsonTests.release.xcconfig */,
				89416FAB04392D36CAAB4520 /* Pods-ReddericLarsonUITests.debug.xcconfig */,
				D96C619838825768892284BA /* Pods-ReddericLarsonUITests.release.xcconfig */,
			);
			name = Pods;
			sourceTree = "<group>";
		};
		F694AEAAD1D5FD2A8615A93C /* Frameworks */ = {
			isa = PBXGroup;
			children = (
				ACCE825EBDD558D7550258A1 /* libPods-ReddericLarson.a */,
				6ECB97121934CB85E3D85647 /* libPods-ReddericLarsonTests.a */,
				D5C8C8E46CB43FC6D854829D /* libPods-ReddericLarsonUITests.a */,
			);
			name = Frameworks;
			sourceTree = "<group>";
		};
/* End PBXGroup section */

/* Begin PBXNativeTarget section */
		16E0F50A1D779C7F009DC31B /* ReddericLarson */ = {
			isa = PBXNativeTarget;
			buildConfigurationList = 16E0F5381D779C80009DC31B /* Build configuration list for PBXNativeTarget "ReddericLarson" */;
			buildPhases = (
				F8F9C98202CF0AB3D70C0211 /* [CP] Check Pods Manifest.lock */,
				16E0F5071D779C7F009DC31B /* Sources */,
				16E0F5081D779C7F009DC31B /* Frameworks */,
				16E0F5091D779C7F009DC31B /* Resources */,
				F769F1302330B5B8A1E4E511 /* [CP] Copy Pods Resources */,
				F35F27685C364CE00CCC4120 /* [CP] Embed Pods Frameworks */,
			);
			buildRules = (
			);
			dependencies = (
			);
			name = ReddericLarson;
			productName = ReddericLarson;
			productReference = 16E0F50B1D779C7F009DC31B /* ReddericLarson.app */;
			productType = "com.apple.product-type.application";
		};
		16E0F5231D779C80009DC31B /* ReddericLarsonTests */ = {
			isa = PBXNativeTarget;
			buildConfigurationList = 16E0F53B1D779C80009DC31B /* Build configuration list for PBXNativeTarget "ReddericLarsonTests" */;
			buildPhases = (
				790836FEA3ED3206A8540949 /* [CP] Check Pods Manifest.lock */,
				16E0F5201D779C80009DC31B /* Sources */,
				16E0F5211D779C80009DC31B /* Frameworks */,
				16E0F5221D779C80009DC31B /* Resources */,
				24C1891EF4EDC8CEA2A4245E /* [CP] Embed Pods Frameworks */,
				A00359375FDC1D6B5190E542 /* [CP] Copy Pods Resources */,
			);
			buildRules = (
			);
			dependencies = (
				16E0F5261D779C80009DC31B /* PBXTargetDependency */,
			);
			name = ReddericLarsonTests;
			productName = ReddericLarsonTests;
			productReference = 16E0F5241D779C80009DC31B /* ReddericLarsonTests.xctest */;
			productType = "com.apple.product-type.bundle.unit-test";
		};
		16E0F52E1D779C80009DC31B /* ReddericLarsonUITests */ = {
			isa = PBXNativeTarget;
			buildConfigurationList = 16E0F53E1D779C80009DC31B /* Build configuration list for PBXNativeTarget "ReddericLarsonUITests" */;
			buildPhases = (
				671359E1895D40A84436A999 /* [CP] Check Pods Manifest.lock */,
				16E0F52B1D779C80009DC31B /* Sources */,
				16E0F52C1D779C80009DC31B /* Frameworks */,
				16E0F52D1D779C80009DC31B /* Resources */,
				6945F6643F5A6D15B5BB82C8 /* [CP] Copy Pods Resources */,
			);
			buildRules = (
			);
			dependencies = (
				16E0F5311D779C80009DC31B /* PBXTargetDependency */,
			);
			name = ReddericLarsonUITests;
			productName = ReddericLarsonUITests;
			productReference = 16E0F52F1D779C80009DC31B /* ReddericLarsonUITests.xctest */;
			productType = "com.apple.product-type.bundle.ui-testing";
		};
/* End PBXNativeTarget section */

/* Begin PBXProject section */
		16E0F5031D779C7F009DC31B /* Project object */ = {
			isa = PBXProject;
			attributes = {
				LastUpgradeCheck = 0730;
				ORGANIZATIONNAME = MobileSensing;
				TargetAttributes = {
					16E0F50A1D779C7F009DC31B = {
						CreatedOnToolsVersion = 7.3.1;
					};
					16E0F5231D779C80009DC31B = {
						CreatedOnToolsVersion = 7.3.1;
						TestTargetID = 16E0F50A1D779C7F009DC31B;
					};
					16E0F52E1D779C80009DC31B = {
						CreatedOnToolsVersion = 7.3.1;
						TestTargetID = 16E0F50A1D779C7F009DC31B;
					};
				};
			};
			buildConfigurationList = 16E0F5061D779C7F009DC31B /* Build configuration list for PBXProject "ReddericLarson" */;
			compatibilityVersion = "Xcode 3.2";
			developmentRegion = English;
			hasScannedForEncodings = 0;
			knownRegions = (
				en,
				Base,
			);
			mainGroup = 16E0F5021D779C7F009DC31B;
			productRefGroup = 16E0F50C1D779C7F009DC31B /* Products */;
			projectDirPath = "";
			projectRoot = "";
			targets = (
				16E0F50A1D779C7F009DC31B /* ReddericLarson */,
				16E0F5231D779C80009DC31B /* ReddericLarsonTests */,
				16E0F52E1D779C80009DC31B /* ReddericLarsonUITests */,
			);
		};
/* End PBXProject section */

/* Begin PBXResourcesBuildPhase section */
		16E0F5091D779C7F009DC31B /* Resources */ = {
			isa = PBXResourcesBuildPhase;
			buildActionMask = 2147483647;
			files = (
				16E0F51E1D779C80009DC31B /* LaunchScreen.storyboard in Resources */,
				16E0F51B1D779C80009DC31B /* Assets.xcassets in Resources */,
				16E0F5191D779C80009DC31B /* Main.storyboard in Resources */,
			);
			runOnlyForDeploymentPostprocessing = 0;
		};
		16E0F5221D779C80009DC31B /* Resources */ = {
			isa = PBXResourcesBuildPhase;
			buildActionMask = 2147483647;
			files = (
			);
			runOnlyForDeploymentPostprocessing = 0;
		};
		16E0F52D1D779C80009DC31B /* Resources */ = {
			isa = PBXResourcesBuildPhase;
			buildActionMask = 2147483647;
			files = (
			);
			runOnlyForDeploymentPostprocessing = 0;
		};
/* End PBXResourcesBuildPhase section */

/* Begin PBXShellScriptBuildPhase section */
		24C1891EF4EDC8CEA2A4245E /* [CP] Embed Pods Frameworks */ = {
			isa = PBXShellScriptBuildPhase;
			buildActionMask = 2147483647;
			files = (
			);
			inputPaths = (
			);
			name = "[CP] Embed Pods Frameworks";
			outputPaths = (
			);
			runOnlyForDeploymentPostprocessing = 0;
			shellPath = /bin/sh;
			shellScript = "\"${SRCROOT}/Pods/Target Support Files/Pods-ReddericLarsonTests/Pods-ReddericLarsonTests-frameworks.sh\"\n";
			showEnvVarsInLog = 0;
		};
		671359E1895D40A84436A999 /* [CP] Check Pods Manifest.lock */ = {
			isa = PBXShellScriptBuildPhase;
			buildActionMask = 2147483647;
			files = (
			);
			inputPaths = (
			);
			name = "[CP] Check Pods Manifest.lock";
			outputPaths = (
			);
			runOnlyForDeploymentPostprocessing = 0;
			shellPath = /bin/sh;
			shellScript = "diff \"${PODS_ROOT}/../Podfile.lock\" \"${PODS_ROOT}/Manifest.lock\" > /dev/null\nif [[ $? != 0 ]] ; then\n    cat << EOM\nerror: The sandbox is not in sync with the Podfile.lock. Run 'pod install' or update your CocoaPods installation.\nEOM\n    exit 1\nfi\n";
			showEnvVarsInLog = 0;
		};
		6945F6643F5A6D15B5BB82C8 /* [CP] Copy Pods Resources */ = {
			isa = PBXShellScriptBuildPhase;
			buildActionMask = 2147483647;
			files = (
			);
			inputPaths = (
			);
			name = "[CP] Copy Pods Resources";
			outputPaths = (
			);
			runOnlyForDeploymentPostprocessing = 0;
			shellPath = /bin/sh;
			shellScript = "\"${SRCROOT}/Pods/Target Support Files/Pods-ReddericLarsonUITests/Pods-ReddericLarsonUITests-resources.sh\"\n";
			showEnvVarsInLog = 0;
		};
		790836FEA3ED3206A8540949 /* [CP] Check Pods Manifest.lock */ = {
			isa = PBXShellScriptBuildPhase;
			buildActionMask = 2147483647;
			files = (
			);
			inputPaths = (
			);
			name = "[CP] Check Pods Manifest.lock";
			outputPaths = (
			);
			runOnlyForDeploymentPostprocessing = 0;
			shellPath = /bin/sh;
			shellScript = "diff \"${PODS_ROOT}/../Podfile.lock\" \"${PODS_ROOT}/Manifest.lock\" > /dev/null\nif [[ $? != 0 ]] ; then\n    cat << EOM\nerror: The sandbox is not in sync with the Podfile.lock. Run 'pod install' or update your CocoaPods installation.\nEOM\n    exit 1\nfi\n";
			showEnvVarsInLog = 0;
		};
		A00359375FDC1D6B5190E542 /* [CP] Copy Pods Resources */ = {
			isa = PBXShellScriptBuildPhase;
			buildActionMask = 2147483647;
			files = (
			);
			inputPaths = (
			);
			name = "[CP] Copy Pods Resources";
			outputPaths = (
			);
			runOnlyForDeploymentPostprocessing = 0;
			shellPath = /bin/sh;
			shellScript = "\"${SRCROOT}/Pods/Target Support Files/Pods-ReddericLarsonTests/Pods-ReddericLarsonTests-resources.sh\"\n";
			showEnvVarsInLog = 0;
		};
		F35F27685C364CE00CCC4120 /* [CP] Embed Pods Frameworks */ = {
			isa = PBXShellScriptBuildPhase;
			buildActionMask = 2147483647;
			files = (
			);
			inputPaths = (
			);
			name = "[CP] Embed Pods Frameworks";
			outputPaths = (
			);
			runOnlyForDeploymentPostprocessing = 0;
			shellPath = /bin/sh;
			shellScript = "\"${SRCROOT}/Pods/Target Support Files/Pods-ReddericLarson/Pods-ReddericLarson-frameworks.sh\"\n";
			showEnvVarsInLog = 0;
		};
		F769F1302330B5B8A1E4E511 /* [CP] Copy Pods Resources */ = {
			isa = PBXShellScriptBuildPhase;
			buildActionMask = 2147483647;
			files = (
			);
			inputPaths = (
			);
			name = "[CP] Copy Pods Resources";
			outputPaths = (
			);
			runOnlyForDeploymentPostprocessing = 0;
			shellPath = /bin/sh;
			shellScript = "\"${SRCROOT}/Pods/Target Support Files/Pods-ReddericLarson/Pods-ReddericLarson-resources.sh\"\n";
			showEnvVarsInLog = 0;
		};
		F8F9C98202CF0AB3D70C0211 /* [CP] Check Pods Manifest.lock */ = {
			isa = PBXShellScriptBuildPhase;
			buildActionMask = 2147483647;
			files = (
			);
			inputPaths = (
			);
			name = "[CP] Check Pods Manifest.lock";
			outputPaths = (
			);
			runOnlyForDeploymentPostprocessing = 0;
			shellPath = /bin/sh;
			shellScript = "diff \"${PODS_ROOT}/../Podfile.lock\" \"${PODS_ROOT}/Manifest.lock\" > /dev/null\nif [[ $? != 0 ]] ; then\n    cat << EOM\nerror: The sandbox is not in sync with the Podfile.lock. Run 'pod install' or update your CocoaPods installation.\nEOM\n    exit 1\nfi\n";
			showEnvVarsInLog = 0;
		};
/* End PBXShellScriptBuildPhase section */

/* Begin PBXSourcesBuildPhase section */
		16E0F5071D779C7F009DC31B /* Sources */ = {
			isa = PBXSourcesBuildPhase;
			buildActionMask = 2147483647;
			files = (
				16E0F5161D779C80009DC31B /* ViewController.m in Sources */,
				BAF98E3C1D809CDA00B7836F /* CategoryTableViewCell.m in Sources */,
				16E0F5131D779C80009DC31B /* AppDelegate.m in Sources */,
				BA72F88F1D80CEB000C1D8CE /* SettingsTableViewController.m in Sources */,
				16B2A0D61D8304B4004A8838 /* SettingsModel.m in Sources */,
				BA72F88C1D80CE3900C1D8CE /* ImageModel.m in Sources */,
				16E0F5101D779C80009DC31B /* main.m in Sources */,
				B43163351D831EA9008E0B78 /* ImageScrollViewController.m in Sources */,
				BAF98E421D80A13100B7836F /* CategoryCollectionViewCell.m in Sources */,
				16B2A0D91D8314D9004A8838 /* Photo.m in Sources */,
				BAF98E3F1D80A0F300B7836F /* CategoryCollectionViewController.m in Sources */,
				BAF98E391D809C9B00B7836F /* CategoriesTableViewController.m in Sources */,
			);
			runOnlyForDeploymentPostprocessing = 0;
		};
		16E0F5201D779C80009DC31B /* Sources */ = {
			isa = PBXSourcesBuildPhase;
			buildActionMask = 2147483647;
			files = (
				16E0F5291D779C80009DC31B /* ReddericLarsonTests.m in Sources */,
			);
			runOnlyForDeploymentPostprocessing = 0;
		};
		16E0F52B1D779C80009DC31B /* Sources */ = {
			isa = PBXSourcesBuildPhase;
			buildActionMask = 2147483647;
			files = (
				16E0F5341D779C80009DC31B /* ReddericLarsonUITests.m in Sources */,
			);
			runOnlyForDeploymentPostprocessing = 0;
		};
/* End PBXSourcesBuildPhase section */

/* Begin PBXTargetDependency section */
		16E0F5261D779C80009DC31B /* PBXTargetDependency */ = {
			isa = PBXTargetDependency;
			target = 16E0F50A1D779C7F009DC31B /* ReddericLarson */;
			targetProxy = 16E0F5251D779C80009DC31B /* PBXContainerItemProxy */;
		};
		16E0F5311D779C80009DC31B /* PBXTargetDependency */ = {
			isa = PBXTargetDependency;
			target = 16E0F50A1D779C7F009DC31B /* ReddericLarson */;
			targetProxy = 16E0F5301D779C80009DC31B /* PBXContainerItemProxy */;
		};
/* End PBXTargetDependency section */

/* Begin PBXVariantGroup section */
		16E0F5171D779C80009DC31B /* Main.storyboard */ = {
			isa = PBXVariantGroup;
			children = (
				16E0F5181D779C80009DC31B /* Base */,
			);
			name = Main.storyboard;
			sourceTree = "<group>";
		};
		16E0F51C1D779C80009DC31B /* LaunchScreen.storyboard */ = {
			isa = PBXVariantGroup;
			children = (
				16E0F51D1D779C80009DC31B /* Base */,
			);
			name = LaunchScreen.storyboard;
			sourceTree = "<group>";
		};
/* End PBXVariantGroup section */

/* Begin XCBuildConfiguration section */
		16E0F5361D779C80009DC31B /* Debug */ = {
			isa = XCBuildConfiguration;
			buildSettings = {
				ALWAYS_SEARCH_USER_PATHS = NO;
				CLANG_ANALYZER_NONNULL = YES;
				CLANG_CXX_LANGUAGE_STANDARD = "gnu++0x";
				CLANG_CXX_LIBRARY = "libc++";
				CLANG_ENABLE_MODULES = YES;
				CLANG_ENABLE_OBJC_ARC = YES;
				CLANG_WARN_BOOL_CONVERSION = YES;
				CLANG_WARN_CONSTANT_CONVERSION = YES;
				CLANG_WARN_DIRECT_OBJC_ISA_USAGE = YES_ERROR;
				CLANG_WARN_EMPTY_BODY = YES;
				CLANG_WARN_ENUM_CONVERSION = YES;
				CLANG_WARN_INT_CONVERSION = YES;
				CLANG_WARN_OBJC_ROOT_CLASS = YES_ERROR;
				CLANG_WARN_UNREACHABLE_CODE = YES;
				CLANG_WARN__DUPLICATE_METHOD_MATCH = YES;
				"CODE_SIGN_IDENTITY[sdk=iphoneos*]" = "iPhone Developer";
				COPY_PHASE_STRIP = NO;
				DEBUG_INFORMATION_FORMAT = dwarf;
				ENABLE_STRICT_OBJC_MSGSEND = YES;
				ENABLE_TESTABILITY = YES;
				GCC_C_LANGUAGE_STANDARD = gnu99;
				GCC_DYNAMIC_NO_PIC = NO;
				GCC_NO_COMMON_BLOCKS = YES;
				GCC_OPTIMIZATION_LEVEL = 0;
				GCC_PREPROCESSOR_DEFINITIONS = (
					"DEBUG=1",
					"$(inherited)",
				);
				GCC_WARN_64_TO_32_BIT_CONVERSION = YES;
				GCC_WARN_ABOUT_RETURN_TYPE = YES_ERROR;
				GCC_WARN_UNDECLARED_SELECTOR = YES;
				GCC_WARN_UNINITIALIZED_AUTOS = YES_AGGRESSIVE;
				GCC_WARN_UNUSED_FUNCTION = YES;
				GCC_WARN_UNUSED_VARIABLE = YES;
				IPHONEOS_DEPLOYMENT_TARGET = 9.3;
				MTL_ENABLE_DEBUG_INFO = YES;
				ONLY_ACTIVE_ARCH = YES;
				SDKROOT = iphoneos;
				TARGETED_DEVICE_FAMILY = "1,2";
			};
			name = Debug;
		};
		16E0F5371D779C80009DC31B /* Release */ = {
			isa = XCBuildConfiguration;
			buildSettings = {
				ALWAYS_SEARCH_USER_PATHS = NO;
				CLANG_ANALYZER_NONNULL = YES;
				CLANG_CXX_LANGUAGE_STANDARD = "gnu++0x";
				CLANG_CXX_LIBRARY = "libc++";
				CLANG_ENABLE_MODULES = YES;
				CLANG_ENABLE_OBJC_ARC = YES;
				CLANG_WARN_BOOL_CONVERSION = YES;
				CLANG_WARN_CONSTANT_CONVERSION = YES;
				CLANG_WARN_DIRECT_OBJC_ISA_USAGE = YES_ERROR;
				CLANG_WARN_EMPTY_BODY = YES;
				CLANG_WARN_ENUM_CONVERSION = YES;
				CLANG_WARN_INT_CONVERSION = YES;
				CLANG_WARN_OBJC_ROOT_CLASS = YES_ERROR;
				CLANG_WARN_UNREACHABLE_CODE = YES;
				CLANG_WARN__DUPLICATE_METHOD_MATCH = YES;
				"CODE_SIGN_IDENTITY[sdk=iphoneos*]" = "iPhone Developer";
				COPY_PHASE_STRIP = NO;
				DEBUG_INFORMATION_FORMAT = "dwarf-with-dsym";
				ENABLE_NS_ASSERTIONS = NO;
				ENABLE_STRICT_OBJC_MSGSEND = YES;
				GCC_C_LANGUAGE_STANDARD = gnu99;
				GCC_NO_COMMON_BLOCKS = YES;
				GCC_WARN_64_TO_32_BIT_CONVERSION = YES;
				GCC_WARN_ABOUT_RETURN_TYPE = YES_ERROR;
				GCC_WARN_UNDECLARED_SELECTOR = YES;
				GCC_WARN_UNINITIALIZED_AUTOS = YES_AGGRESSIVE;
				GCC_WARN_UNUSED_FUNCTION = YES;
				GCC_WARN_UNUSED_VARIABLE = YES;
				IPHONEOS_DEPLOYMENT_TARGET = 9.3;
				MTL_ENABLE_DEBUG_INFO = NO;
				SDKROOT = iphoneos;
				TARGETED_DEVICE_FAMILY = "1,2";
				VALIDATE_PRODUCT = YES;
			};
			name = Release;
		};
		16E0F5391D779C80009DC31B /* Debug */ = {
			isa = XCBuildConfiguration;
			baseConfigurationReference = 843D0FB241C04A3476364744 /* Pods-ReddericLarson.debug.xcconfig */;
			buildSettings = {
				ASSETCATALOG_COMPILER_APPICON_NAME = AppIcon;
				INFOPLIST_FILE = ReddericLarson/Info.plist;
				LD_RUNPATH_SEARCH_PATHS = "$(inherited) @executable_path/Frameworks";
				PRODUCT_BUNDLE_IDENTIFIER = com.appcoda.ReddericLarson;
				PRODUCT_NAME = "$(TARGET_NAME)";
			};
			name = Debug;
		};
		16E0F53A1D779C80009DC31B /* Release */ = {
			isa = XCBuildConfiguration;
			baseConfigurationReference = 848C0C520DF4BEE2B9A36C2C /* Pods-ReddericLarson.release.xcconfig */;
			buildSettings = {
				ASSETCATALOG_COMPILER_APPICON_NAME = AppIcon;
				INFOPLIST_FILE = ReddericLarson/Info.plist;
				LD_RUNPATH_SEARCH_PATHS = "$(inherited) @executable_path/Frameworks";
				PRODUCT_BUNDLE_IDENTIFIER = com.appcoda.ReddericLarson;
				PRODUCT_NAME = "$(TARGET_NAME)";
			};
			name = Release;
		};
		16E0F53C1D779C80009DC31B /* Debug */ = {
			isa = XCBuildConfiguration;
			baseConfigurationReference = BAE4A1500ADD96DDCAB2ECB4 /* Pods-ReddericLarsonTests.debug.xcconfig */;
			buildSettings = {
				BUNDLE_LOADER = "$(TEST_HOST)";
				INFOPLIST_FILE = ReddericLarsonTests/Info.plist;
				LD_RUNPATH_SEARCH_PATHS = "$(inherited) @executable_path/Frameworks @loader_path/Frameworks";
				PRODUCT_BUNDLE_IDENTIFIER = com.appcoda.ReddericLarsonTests;
				PRODUCT_NAME = "$(TARGET_NAME)";
				TEST_HOST = "$(BUILT_PRODUCTS_DIR)/ReddericLarson.app/ReddericLarson";
			};
			name = Debug;
		};
		16E0F53D1D779C80009DC31B /* Release */ = {
			isa = XCBuildConfiguration;
			baseConfigurationReference = 66CCE37C8993390E7C19E829 /* Pods-ReddericLarsonTests.release.xcconfig */;
			buildSettings = {
				BUNDLE_LOADER = "$(TEST_HOST)";
				INFOPLIST_FILE = ReddericLarsonTests/Info.plist;
				LD_RUNPATH_SEARCH_PATHS = "$(inherited) @executable_path/Frameworks @loader_path/Frameworks";
				PRODUCT_BUNDLE_IDENTIFIER = com.appcoda.ReddericLarsonTests;
				PRODUCT_NAME = "$(TARGET_NAME)";
				TEST_HOST = "$(BUILT_PRODUCTS_DIR)/ReddericLarson.app/ReddericLarson";
			};
			name = Release;
		};
		16E0F53F1D779C80009DC31B /* Debug */ = {
			isa = XCBuildConfiguration;
			baseConfigurationReference = 89416FAB04392D36CAAB4520 /* Pods-ReddericLarsonUITests.debug.xcconfig */;
			buildSettings = {
				INFOPLIST_FILE = ReddericLarsonUITests/Info.plist;
				LD_RUNPATH_SEARCH_PATHS = "$(inherited) @executable_path/Frameworks @loader_path/Frameworks";
				PRODUCT_BUNDLE_IDENTIFIER = com.appcoda.ReddericLarsonUITests;
				PRODUCT_NAME = "$(TARGET_NAME)";
				TEST_TARGET_NAME = ReddericLarson;
			};
			name = Debug;
		};
		16E0F5401D779C80009DC31B /* Release */ = {
			isa = XCBuildConfiguration;
			baseConfigurationReference = D96C619838825768892284BA /* Pods-ReddericLarsonUITests.release.xcconfig */;
			buildSettings = {
				INFOPLIST_FILE = ReddericLarsonUITests/Info.plist;
				LD_RUNPATH_SEARCH_PATHS = "$(inherited) @executable_path/Frameworks @loader_path/Frameworks";
				PRODUCT_BUNDLE_IDENTIFIER = com.appcoda.ReddericLarsonUITests;
				PRODUCT_NAME = "$(TARGET_NAME)";
				TEST_TARGET_NAME = ReddericLarson;
			};
			name = Release;
		};
/* End XCBuildConfiguration section */

/* Begin XCConfigurationList section */
		16E0F5061D779C7F009DC31B /* Build configuration list for PBXProject "ReddericLarson" */ = {
			isa = XCConfigurationList;
			buildConfigurations = (
				16E0F5361D779C80009DC31B /* Debug */,
				16E0F5371D779C80009DC31B /* Release */,
			);
			defaultConfigurationIsVisible = 0;
			defaultConfigurationName = Release;
		};
		16E0F5381D779C80009DC31B /* Build configuration list for PBXNativeTarget "ReddericLarson" */ = {
			isa = XCConfigurationList;
			buildConfigurations = (
				16E0F5391D779C80009DC31B /* Debug */,
				16E0F53A1D779C80009DC31B /* Release */,
			);
			defaultConfigurationIsVisible = 0;
			defaultConfigurationName = Release;
		};
		16E0F53B1D779C80009DC31B /* Build configuration list for PBXNativeTarget "ReddericLarsonTests" */ = {
			isa = XCConfigurationList;
			buildConfigurations = (
				16E0F53C1D779C80009DC31B /* Debug */,
				16E0F53D1D779C80009DC31B /* Release */,
			);
			defaultConfigurationIsVisible = 0;
			defaultConfigurationName = Release;
		};
		16E0F53E1D779C80009DC31B /* Build configuration list for PBXNativeTarget "ReddericLarsonUITests" */ = {
			isa = XCConfigurationList;
			buildConfigurations = (
				16E0F53F1D779C80009DC31B /* Debug */,
				16E0F5401D779C80009DC31B /* Release */,
			);
			defaultConfigurationIsVisible = 0;
			defaultConfigurationName = Release;
		};
/* End XCConfigurationList section */
	};
	rootObject = 16E0F5031D779C7F009DC31B /* Project object */;
}
